
Microsoft Visual Studio Solution File, Format Version 12.00
# Visual Studio 15
VisualStudioVersion = 15.0.26124.0
MinimumVisualStudioVersion = 15.0.26124.0
Project("{2150E333-8FDC-42A3-9474-1A3956D46DE8}") = "src", "src", "{5482D502-8507-46CB-8A0A-F9AFE2283B9F}"
EndProject
Project("{FAE04EC0-301F-11D3-BF4B-00C04F79EFBC}") = "PalTracker", "src\PalTracker\PalTracker.csproj", "{FAEB273D-B3A6-41F2-993D-7F7A63ABECD8}"
EndProject
Project("{2150E333-8FDC-42A3-9474-1A3956D46DE8}") = "test", "test", "{D7330B27-35CE-46E2-892F-C197810CAF23}"
EndProject
Project("{FAE04EC0-301F-11D3-BF4B-00C04F79EFBC}") = "PalTrackerTests", "test\PalTrackerTests\PalTrackerTests.csproj", "{4DF66C8E-EB0B-4E4B-A4AB-CA19E59B3B9F}"
EndProject
Global
	GlobalSection(SolutionConfigurationPlatforms) = preSolution
		Debug|Any CPU = Debug|Any CPU
		Debug|x64 = Debug|x64
		Debug|x86 = Debug|x86
		Release|Any CPU = Release|Any CPU
		Release|x64 = Release|x64
		Release|x86 = Release|x86
	EndGlobalSection
	GlobalSection(SolutionProperties) = preSolution
		HideSolutionNode = FALSE
	EndGlobalSection
	GlobalSection(ProjectConfigurationPlatforms) = postSolution
		{FAEB273D-B3A6-41F2-993D-7F7A63ABECD8}.Debug|Any CPU.ActiveCfg = Debug|Any CPU
		{FAEB273D-B3A6-41F2-993D-7F7A63ABECD8}.Debug|Any CPU.Build.0 = Debug|Any CPU
		{FAEB273D-B3A6-41F2-993D-7F7A63ABECD8}.Debug|x64.ActiveCfg = Debug|Any CPU
		{FAEB273D-B3A6-41F2-993D-7F7A63ABECD8}.Debug|x64.Build.0 = Debug|Any CPU
		{FAEB273D-B3A6-41F2-993D-7F7A63ABECD8}.Debug|x86.ActiveCfg = Debug|Any CPU
		{FAEB273D-B3A6-41F2-993D-7F7A63ABECD8}.Debug|x86.Build.0 = Debug|Any CPU
		{FAEB273D-B3A6-41F2-993D-7F7A63ABECD8}.Release|Any CPU.ActiveCfg = Release|Any CPU
		{FAEB273D-B3A6-41F2-993D-7F7A63ABECD8}.Release|Any CPU.Build.0 = Release|Any CPU
		{FAEB273D-B3A6-41F2-993D-7F7A63ABECD8}.Release|x64.ActiveCfg = Release|Any CPU
		{FAEB273D-B3A6-41F2-993D-7F7A63ABECD8}.Release|x64.Build.0 = Release|Any CPU
		{FAEB273D-B3A6-41F2-993D-7F7A63ABECD8}.Release|x86.ActiveCfg = Release|Any CPU
		{FAEB273D-B3A6-41F2-993D-7F7A63ABECD8}.Release|x86.Build.0 = Release|Any CPU
		{4DF66C8E-EB0B-4E4B-A4AB-CA19E59B3B9F}.Debug|Any CPU.ActiveCfg = Debug|Any CPU
		{4DF66C8E-EB0B-4E4B-A4AB-CA19E59B3B9F}.Debug|Any CPU.Build.0 = Debug|Any CPU
		{4DF66C8E-EB0B-4E4B-A4AB-CA19E59B3B9F}.Debug|x64.ActiveCfg = Debug|Any CPU
		{4DF66C8E-EB0B-4E4B-A4AB-CA19E59B3B9F}.Debug|x64.Build.0 = Debug|Any CPU
		{4DF66C8E-EB0B-4E4B-A4AB-CA19E59B3B9F}.Debug|x86.ActiveCfg = Debug|Any CPU
		{4DF66C8E-EB0B-4E4B-A4AB-CA19E59B3B9F}.Debug|x86.Build.0 = Debug|Any CPU
		{4DF66C8E-EB0B-4E4B-A4AB-CA19E59B3B9F}.Release|Any CPU.ActiveCfg = Release|Any CPU
		{4DF66C8E-EB0B-4E4B-A4AB-CA19E59B3B9F}.Release|Any CPU.Build.0 = Release|Any CPU
		{4DF66C8E-EB0B-4E4B-A4AB-CA19E59B3B9F}.Release|x64.ActiveCfg = Release|Any CPU
		{4DF66C8E-EB0B-4E4B-A4AB-CA19E59B3B9F}.Release|x64.Build.0 = Release|Any CPU
		{4DF66C8E-EB0B-4E4B-A4AB-CA19E59B3B9F}.Release|x86.ActiveCfg = Release|Any CPU
		{4DF66C8E-EB0B-4E4B-A4AB-CA19E59B3B9F}.Release|x86.Build.0 = Release|Any CPU
	EndGlobalSection
	GlobalSection(NestedProjects) = preSolution
		{FAEB273D-B3A6-41F2-993D-7F7A63ABECD8} = {5482D502-8507-46CB-8A0A-F9AFE2283B9F}
		{4DF66C8E-EB0B-4E4B-A4AB-CA19E59B3B9F} = {D7330B27-35CE-46E2-892F-C197810CAF23}
	EndGlobalSection
EndGlobal
